
Microsoft Visual Studio Solution File, Format Version 12.00
# Visual Studio 2012
Project("{FAE04EC0-301F-11D3-BF4B-00C04F79EFBC}") = "MiCalculadora", "MiCalculadora\MiCalculadora.csproj", "{65928B96-0F8F-4619-9EEB-CB84D79BF02F}"
EndProject
Project("{FAE04EC0-301F-11D3-BF4B-00C04F79EFBC}") = "Entidades", "Entidades\Entidades.csproj", "{48E84DFA-3128-40BB-A262-2D913F48D7F0}"
EndProject
Global
	GlobalSection(SolutionConfigurationPlatforms) = preSolution
		Debug|Any CPU = Debug|Any CPU
		Release|Any CPU = Release|Any CPU
	EndGlobalSection
	GlobalSection(ProjectConfigurationPlatforms) = postSolution
		{65928B96-0F8F-4619-9EEB-CB84D79BF02F}.Debug|Any CPU.ActiveCfg = Debug|Any CPU
		{65928B96-0F8F-4619-9EEB-CB84D79BF02F}.Debug|Any CPU.Build.0 = Debug|Any CPU
		{65928B96-0F8F-4619-9EEB-CB84D79BF02F}.Release|Any CPU.ActiveCfg = Release|Any CPU
		{65928B96-0F8F-4619-9EEB-CB84D79BF02F}.Release|Any CPU.Build.0 = Release|Any CPU
		{48E84DFA-3128-40BB-A262-2D913F48D7F0}.Debug|Any CPU.ActiveCfg = Debug|Any CPU
		{48E84DFA-3128-40BB-A262-2D913F48D7F0}.Debug|Any CPU.Build.0 = Debug|Any CPU
		{48E84DFA-3128-40BB-A262-2D913F48D7F0}.Release|Any CPU.ActiveCfg = Release|Any CPU
		{48E84DFA-3128-40BB-A262-2D913F48D7F0}.Release|Any CPU.Build.0 = Release|Any CPU
	EndGlobalSection
	GlobalSection(SolutionProperties) = preSolution
		HideSolutionNode = FALSE
	EndGlobalSection
EndGlobal
